
Microsoft Visual Studio Solution File, Format Version 12.00
# Visual Studio Version 17
VisualStudioVersion = 17.10.35013.160
MinimumVisualStudioVersion = 10.0.40219.1
Project("{9A19103F-16F7-4668-BE54-9A1E7A4F7556}") = "AddTwoNumbers", "AddTwoNumbers\AddTwoNumbers.csproj", "{63B63660-A1A1-4A7D-8AF1-7FA741834A65}"
EndProject
Project("{9A19103F-16F7-4668-BE54-9A1E7A4F7556}") = "RomanToInt", "RomanToInt\RomanToInt.csproj", "{A164FB8F-C006-4F04-A7D5-368A9BDA7B19}"
EndProject
Project("{9A19103F-16F7-4668-BE54-9A1E7A4F7556}") = "TwoSum", "TwoSum\TwoSum.csproj", "{57AE6CF7-B978-49B2-ABAC-A7D30DF436A1}"
EndProject
Project("{9A19103F-16F7-4668-BE54-9A1E7A4F7556}") = "PalindromeNumber", "Palindrome Number\PalindromeNumber.csproj", "{50AD2415-4C64-4121-8C9A-991A2F4DB425}"
EndProject
Project("{9A19103F-16F7-4668-BE54-9A1E7A4F7556}") = "LongestCommonPrefix", "LongestCommonPrefix\LongestCommonPrefix.csproj", "{3FB9E330-482F-4FAC-8826-97BA0B3EEC81}"
EndProject
Project("{9A19103F-16F7-4668-BE54-9A1E7A4F7556}") = "LongestSubstringWithoutRepeating", "LongestSubstringWithoutRepeating\LongestSubstringWithoutRepeating.csproj", "{61E1BF65-D5AE-47B3-87BF-57524F3E5DC3}"
EndProject
Project("{9A19103F-16F7-4668-BE54-9A1E7A4F7556}") = "ValidParentheses", "ValidParentheses\ValidParentheses.csproj", "{2F524E7D-769E-4895-80DC-A033C79A6642}"
EndProject
Project("{9A19103F-16F7-4668-BE54-9A1E7A4F7556}") = "MergeTwoSortedList", "MergeTwoSortedList\MergeTwoSortedList.csproj", "{2C881387-6895-4BC8-93F0-E4E237B84242}"
EndProject
Project("{9A19103F-16F7-4668-BE54-9A1E7A4F7556}") = "Console", "Console\Console.csproj", "{0561C885-A7E9-4DFF-BFE7-E30E07D3E2CD}"
EndProject
Project("{9A19103F-16F7-4668-BE54-9A1E7A4F7556}") = "StringToInteger", "StringToInteger\StringToInteger.csproj", "{1A1DA272-5C0C-4E7B-9C63-3985AF381C66}"
EndProject
Project("{9A19103F-16F7-4668-BE54-9A1E7A4F7556}") = "RemoveElement", "RemoveElement\RemoveElement.csproj", "{1A3D6309-0104-44C9-BBFB-EE9DB3650518}"
EndProject
Project("{9A19103F-16F7-4668-BE54-9A1E7A4F7556}") = "RemoveDuplicatesFromSortedArray", "RemoveDuplicatesFromSortedArray\RemoveDuplicatesFromSortedArray.csproj", "{9F478F1C-4500-46F4-8C18-883C842D961B}"
EndProject
Project("{9A19103F-16F7-4668-BE54-9A1E7A4F7556}") = "PlusOne", "PlusOne\PlusOne.csproj", "{3073FD38-87E0-4595-8ED3-030E63072AED}"
EndProject
Project("{9A19103F-16F7-4668-BE54-9A1E7A4F7556}") = "ReverseInteger", "ReverseInteger\ReverseInteger.csproj", "{33013755-C727-434E-A818-B38B7CDFBE9B}"
EndProject
Project("{9A19103F-16F7-4668-BE54-9A1E7A4F7556}") = "SearchInsert", "SearchInsert\SearchInsert.csproj", "{874C7902-A086-4518-9D8F-4DCE96AB8EC9}"
EndProject
Project("{9A19103F-16F7-4668-BE54-9A1E7A4F7556}") = "Zigzag Conversion", "Zigzag Conversion\Zigzag Conversion.csproj", "{392D7B36-4AC3-48C2-B6AC-FC064399FFEB}"
EndProject
Project("{FAE04EC0-301F-11D3-BF4B-00C04F79EFBC}") = "ContainerWithMostWater", "ContainerWithMostWater\ContainerWithMostWater.csproj", "{00F85FF6-F8E8-4284-AB31-F9714B14CEAE}"
EndProject
Global
	GlobalSection(SolutionConfigurationPlatforms) = preSolution
		Debug|Any CPU = Debug|Any CPU
		Release|Any CPU = Release|Any CPU
	EndGlobalSection
	GlobalSection(ProjectConfigurationPlatforms) = postSolution
		{63B63660-A1A1-4A7D-8AF1-7FA741834A65}.Debug|Any CPU.ActiveCfg = Debug|Any CPU
		{63B63660-A1A1-4A7D-8AF1-7FA741834A65}.Debug|Any CPU.Build.0 = Debug|Any CPU
		{63B63660-A1A1-4A7D-8AF1-7FA741834A65}.Release|Any CPU.ActiveCfg = Release|Any CPU
		{63B63660-A1A1-4A7D-8AF1-7FA741834A65}.Release|Any CPU.Build.0 = Release|Any CPU
		{A164FB8F-C006-4F04-A7D5-368A9BDA7B19}.Debug|Any CPU.ActiveCfg = Debug|Any CPU
		{A164FB8F-C006-4F04-A7D5-368A9BDA7B19}.Debug|Any CPU.Build.0 = Debug|Any CPU
		{A164FB8F-C006-4F04-A7D5-368A9BDA7B19}.Release|Any CPU.ActiveCfg = Release|Any CPU
		{A164FB8F-C006-4F04-A7D5-368A9BDA7B19}.Release|Any CPU.Build.0 = Release|Any CPU
		{57AE6CF7-B978-49B2-ABAC-A7D30DF436A1}.Debug|Any CPU.ActiveCfg = Debug|Any CPU
		{57AE6CF7-B978-49B2-ABAC-A7D30DF436A1}.Debug|Any CPU.Build.0 = Debug|Any CPU
		{57AE6CF7-B978-49B2-ABAC-A7D30DF436A1}.Release|Any CPU.ActiveCfg = Release|Any CPU
		{57AE6CF7-B978-49B2-ABAC-A7D30DF436A1}.Release|Any CPU.Build.0 = Release|Any CPU
		{50AD2415-4C64-4121-8C9A-991A2F4DB425}.Debug|Any CPU.ActiveCfg = Debug|Any CPU
		{50AD2415-4C64-4121-8C9A-991A2F4DB425}.Debug|Any CPU.Build.0 = Debug|Any CPU
		{50AD2415-4C64-4121-8C9A-991A2F4DB425}.Release|Any CPU.ActiveCfg = Release|Any CPU
		{50AD2415-4C64-4121-8C9A-991A2F4DB425}.Release|Any CPU.Build.0 = Release|Any CPU
		{3FB9E330-482F-4FAC-8826-97BA0B3EEC81}.Debug|Any CPU.ActiveCfg = Debug|Any CPU
		{3FB9E330-482F-4FAC-8826-97BA0B3EEC81}.Debug|Any CPU.Build.0 = Debug|Any CPU
		{3FB9E330-482F-4FAC-8826-97BA0B3EEC81}.Release|Any CPU.ActiveCfg = Release|Any CPU
		{3FB9E330-482F-4FAC-8826-97BA0B3EEC81}.Release|Any CPU.Build.0 = Release|Any CPU
		{61E1BF65-D5AE-47B3-87BF-57524F3E5DC3}.Debug|Any CPU.ActiveCfg = Debug|Any CPU
		{61E1BF65-D5AE-47B3-87BF-57524F3E5DC3}.Debug|Any CPU.Build.0 = Debug|Any CPU
		{61E1BF65-D5AE-47B3-87BF-57524F3E5DC3}.Release|Any CPU.ActiveCfg = Release|Any CPU
		{61E1BF65-D5AE-47B3-87BF-57524F3E5DC3}.Release|Any CPU.Build.0 = Release|Any CPU
		{2F524E7D-769E-4895-80DC-A033C79A6642}.Debug|Any CPU.ActiveCfg = Debug|Any CPU
		{2F524E7D-769E-4895-80DC-A033C79A6642}.Debug|Any CPU.Build.0 = Debug|Any CPU
		{2F524E7D-769E-4895-80DC-A033C79A6642}.Release|Any CPU.ActiveCfg = Release|Any CPU
		{2F524E7D-769E-4895-80DC-A033C79A6642}.Release|Any CPU.Build.0 = Release|Any CPU
		{2C881387-6895-4BC8-93F0-E4E237B84242}.Debug|Any CPU.ActiveCfg = Debug|Any CPU
		{2C881387-6895-4BC8-93F0-E4E237B84242}.Debug|Any CPU.Build.0 = Debug|Any CPU
		{2C881387-6895-4BC8-93F0-E4E237B84242}.Release|Any CPU.ActiveCfg = Release|Any CPU
		{2C881387-6895-4BC8-93F0-E4E237B84242}.Release|Any CPU.Build.0 = Release|Any CPU
		{0561C885-A7E9-4DFF-BFE7-E30E07D3E2CD}.Debug|Any CPU.ActiveCfg = Debug|Any CPU
		{0561C885-A7E9-4DFF-BFE7-E30E07D3E2CD}.Debug|Any CPU.Build.0 = Debug|Any CPU
		{0561C885-A7E9-4DFF-BFE7-E30E07D3E2CD}.Release|Any CPU.ActiveCfg = Release|Any CPU
		{0561C885-A7E9-4DFF-BFE7-E30E07D3E2CD}.Release|Any CPU.Build.0 = Release|Any CPU
		{1A1DA272-5C0C-4E7B-9C63-3985AF381C66}.Debug|Any CPU.ActiveCfg = Debug|Any CPU
		{1A1DA272-5C0C-4E7B-9C63-3985AF381C66}.Debug|Any CPU.Build.0 = Debug|Any CPU
		{1A1DA272-5C0C-4E7B-9C63-3985AF381C66}.Release|Any CPU.ActiveCfg = Release|Any CPU
		{1A1DA272-5C0C-4E7B-9C63-3985AF381C66}.Release|Any CPU.Build.0 = Release|Any CPU
		{1A3D6309-0104-44C9-BBFB-EE9DB3650518}.Debug|Any CPU.ActiveCfg = Debug|Any CPU
		{1A3D6309-0104-44C9-BBFB-EE9DB3650518}.Debug|Any CPU.Build.0 = Debug|Any CPU
		{1A3D6309-0104-44C9-BBFB-EE9DB3650518}.Release|Any CPU.ActiveCfg = Release|Any CPU
		{1A3D6309-0104-44C9-BBFB-EE9DB3650518}.Release|Any CPU.Build.0 = Release|Any CPU
		{9F478F1C-4500-46F4-8C18-883C842D961B}.Debug|Any CPU.ActiveCfg = Debug|Any CPU
		{9F478F1C-4500-46F4-8C18-883C842D961B}.Debug|Any CPU.Build.0 = Debug|Any CPU
		{9F478F1C-4500-46F4-8C18-883C842D961B}.Release|Any CPU.ActiveCfg = Release|Any CPU
		{9F478F1C-4500-46F4-8C18-883C842D961B}.Release|Any CPU.Build.0 = Release|Any CPU
		{3073FD38-87E0-4595-8ED3-030E63072AED}.Debug|Any CPU.ActiveCfg = Debug|Any CPU
		{3073FD38-87E0-4595-8ED3-030E63072AED}.Debug|Any CPU.Build.0 = Debug|Any CPU
		{3073FD38-87E0-4595-8ED3-030E63072AED}.Release|Any CPU.ActiveCfg = Release|Any CPU
		{3073FD38-87E0-4595-8ED3-030E63072AED}.Release|Any CPU.Build.0 = Release|Any CPU
		{33013755-C727-434E-A818-B38B7CDFBE9B}.Debug|Any CPU.ActiveCfg = Debug|Any CPU
		{33013755-C727-434E-A818-B38B7CDFBE9B}.Debug|Any CPU.Build.0 = Debug|Any CPU
		{33013755-C727-434E-A818-B38B7CDFBE9B}.Release|Any CPU.ActiveCfg = Release|Any CPU
		{33013755-C727-434E-A818-B38B7CDFBE9B}.Release|Any CPU.Build.0 = Release|Any CPU
		{874C7902-A086-4518-9D8F-4DCE96AB8EC9}.Debug|Any CPU.ActiveCfg = Debug|Any CPU
		{874C7902-A086-4518-9D8F-4DCE96AB8EC9}.Debug|Any CPU.Build.0 = Debug|Any CPU
		{874C7902-A086-4518-9D8F-4DCE96AB8EC9}.Release|Any CPU.ActiveCfg = Release|Any CPU
		{874C7902-A086-4518-9D8F-4DCE96AB8EC9}.Release|Any CPU.Build.0 = Release|Any CPU
		{392D7B36-4AC3-48C2-B6AC-FC064399FFEB}.Debug|Any CPU.ActiveCfg = Debug|Any CPU
		{392D7B36-4AC3-48C2-B6AC-FC064399FFEB}.Debug|Any CPU.Build.0 = Debug|Any CPU
		{392D7B36-4AC3-48C2-B6AC-FC064399FFEB}.Release|Any CPU.ActiveCfg = Release|Any CPU
		{392D7B36-4AC3-48C2-B6AC-FC064399FFEB}.Release|Any CPU.Build.0 = Release|Any CPU
		{00F85FF6-F8E8-4284-AB31-F9714B14CEAE}.Debug|Any CPU.ActiveCfg = Debug|Any CPU
		{00F85FF6-F8E8-4284-AB31-F9714B14CEAE}.Debug|Any CPU.Build.0 = Debug|Any CPU
		{00F85FF6-F8E8-4284-AB31-F9714B14CEAE}.Release|Any CPU.ActiveCfg = Release|Any CPU
		{00F85FF6-F8E8-4284-AB31-F9714B14CEAE}.Release|Any CPU.Build.0 = Release|Any CPU
	EndGlobalSection
	GlobalSection(SolutionProperties) = preSolution
		HideSolutionNode = FALSE
	EndGlobalSection
	GlobalSection(ExtensibilityGlobals) = postSolution
		SolutionGuid = {46A8CAC5-D81A-455F-A6B5-6C11CC419CEB}
	EndGlobalSection
EndGlobal
